
Microsoft Visual Studio Solution File, Format Version 12.00
# Visual Studio Version 17
VisualStudioVersion = 17.11.35222.181
MinimumVisualStudioVersion = 10.0.40219.1
Project("{9A19103F-16F7-4668-BE54-9A1E7A4F7556}") = "ChatAppWeb", "ChatAppWeb\ChatAppWeb.csproj", "{E56D9358-E2A4-4BCA-BA3F-BB948545D669}"
EndProject
Project("{2150E333-8FDC-42A3-9474-1A3956D46DE8}") = "1-App", "1-App", "{12A4733A-B516-4BEF-B744-490314D6471A}"
EndProject
Project("{9A19103F-16F7-4668-BE54-9A1E7A4F7556}") = "ChatAppWebDomain", "ChatAppWebDomain\ChatAppWebDomain.csproj", "{CCC7FC30-47FF-4809-B9DF-36DD9221C911}"
EndProject
Project("{2150E333-8FDC-42A3-9474-1A3956D46DE8}") = "3-Domain", "3-Domain", "{148BEBF2-C7AF-4966-A256-797AA291F47D}"
EndProject
Project("{9A19103F-16F7-4668-BE54-9A1E7A4F7556}") = "ChatAppWebRepository", "ChatAppWebRepository\ChatAppWebRepository.csproj", "{FC9B0B54-6A51-45D5-8EA9-3C691948F6C0}"
EndProject
Project("{2150E333-8FDC-42A3-9474-1A3956D46DE8}") = "4-Infra", "4-Infra", "{9B190E6A-9A76-411D-9CAA-49BFAF881A37}"
EndProject
Project("{9A19103F-16F7-4668-BE54-9A1E7A4F7556}") = "ChatAppServerWebSocket.Console", "ChatAppServerWebSocket.Console\ChatAppServerWebSocket.Console.csproj", "{076BE1EF-581A-4070-BFE7-D7D9760FE581}"
EndProject
Project("{2150E333-8FDC-42A3-9474-1A3956D46DE8}") = "6-ServerWebSocket", "6-ServerWebSocket", "{E47AC42A-51A2-47A0-B1CB-D6E9D7568A12}"
EndProject
Project("{9A19103F-16F7-4668-BE54-9A1E7A4F7556}") = "ChatAppClientWebSocket.Console", "ChatAppClientWebSocket.Console\ChatAppClientWebSocket.Console.csproj", "{0994EC00-FAAA-4B95-B8DE-CC189A82EFAD}"
EndProject
Project("{2150E333-8FDC-42A3-9474-1A3956D46DE8}") = "5-ClientWebSocket", "5-ClientWebSocket", "{8542EEE9-32E0-46F3-94B4-EC2BFA461F58}"
EndProject
Project("{2150E333-8FDC-42A3-9474-1A3956D46DE8}") = "Database", "Database", "{AE90532D-0E6A-45EF-9DC5-6B171692C321}"
EndProject
Project("{2150E333-8FDC-42A3-9474-1A3956D46DE8}") = "Ioc", "Ioc", "{C593AB20-1129-471F-BC44-6960C0CB7A60}"
EndProject
Project("{9A19103F-16F7-4668-BE54-9A1E7A4F7556}") = "ChatAppWebInfra.Ioc", "ChatAppWebInfra.Ioc\ChatAppWebInfra.Ioc.csproj", "{2397C397-FA59-45D9-9C37-CBEE85F70CCC}"
EndProject
Project("{FAE04EC0-301F-11D3-BF4B-00C04F79EFBC}") = "ChatApp.API", "ChatApp.API\ChatApp.API.csproj", "{5C35A0B8-0170-47AD-A62F-2155068AB488}"
EndProject
Project("{2150E333-8FDC-42A3-9474-1A3956D46DE8}") = "2-API", "2-API", "{0A9B492B-CC9B-43C8-8039-B657F1C9710C}"
EndProject
Global
	GlobalSection(SolutionConfigurationPlatforms) = preSolution
		Debug|Any CPU = Debug|Any CPU
		Release|Any CPU = Release|Any CPU
	EndGlobalSection
	GlobalSection(ProjectConfigurationPlatforms) = postSolution
		{E56D9358-E2A4-4BCA-BA3F-BB948545D669}.Debug|Any CPU.ActiveCfg = Debug|Any CPU
		{E56D9358-E2A4-4BCA-BA3F-BB948545D669}.Debug|Any CPU.Build.0 = Debug|Any CPU
		{E56D9358-E2A4-4BCA-BA3F-BB948545D669}.Release|Any CPU.ActiveCfg = Release|Any CPU
		{E56D9358-E2A4-4BCA-BA3F-BB948545D669}.Release|Any CPU.Build.0 = Release|Any CPU
		{CCC7FC30-47FF-4809-B9DF-36DD9221C911}.Debug|Any CPU.ActiveCfg = Debug|Any CPU
		{CCC7FC30-47FF-4809-B9DF-36DD9221C911}.Debug|Any CPU.Build.0 = Debug|Any CPU
		{CCC7FC30-47FF-4809-B9DF-36DD9221C911}.Release|Any CPU.ActiveCfg = Release|Any CPU
		{CCC7FC30-47FF-4809-B9DF-36DD9221C911}.Release|Any CPU.Build.0 = Release|Any CPU
		{FC9B0B54-6A51-45D5-8EA9-3C691948F6C0}.Debug|Any CPU.ActiveCfg = Debug|Any CPU
		{FC9B0B54-6A51-45D5-8EA9-3C691948F6C0}.Debug|Any CPU.Build.0 = Debug|Any CPU
		{FC9B0B54-6A51-45D5-8EA9-3C691948F6C0}.Release|Any CPU.ActiveCfg = Release|Any CPU
		{FC9B0B54-6A51-45D5-8EA9-3C691948F6C0}.Release|Any CPU.Build.0 = Release|Any CPU
		{076BE1EF-581A-4070-BFE7-D7D9760FE581}.Debug|Any CPU.ActiveCfg = Debug|Any CPU
		{076BE1EF-581A-4070-BFE7-D7D9760FE581}.Debug|Any CPU.Build.0 = Debug|Any CPU
		{076BE1EF-581A-4070-BFE7-D7D9760FE581}.Release|Any CPU.ActiveCfg = Release|Any CPU
		{076BE1EF-581A-4070-BFE7-D7D9760FE581}.Release|Any CPU.Build.0 = Release|Any CPU
		{0994EC00-FAAA-4B95-B8DE-CC189A82EFAD}.Debug|Any CPU.ActiveCfg = Debug|Any CPU
		{0994EC00-FAAA-4B95-B8DE-CC189A82EFAD}.Debug|Any CPU.Build.0 = Debug|Any CPU
		{0994EC00-FAAA-4B95-B8DE-CC189A82EFAD}.Release|Any CPU.ActiveCfg = Release|Any CPU
		{0994EC00-FAAA-4B95-B8DE-CC189A82EFAD}.Release|Any CPU.Build.0 = Release|Any CPU
		{2397C397-FA59-45D9-9C37-CBEE85F70CCC}.Debug|Any CPU.ActiveCfg = Debug|Any CPU
		{2397C397-FA59-45D9-9C37-CBEE85F70CCC}.Debug|Any CPU.Build.0 = Debug|Any CPU
		{2397C397-FA59-45D9-9C37-CBEE85F70CCC}.Release|Any CPU.ActiveCfg = Release|Any CPU
		{2397C397-FA59-45D9-9C37-CBEE85F70CCC}.Release|Any CPU.Build.0 = Release|Any CPU
		{5C35A0B8-0170-47AD-A62F-2155068AB488}.Debug|Any CPU.ActiveCfg = Debug|Any CPU
		{5C35A0B8-0170-47AD-A62F-2155068AB488}.Debug|Any CPU.Build.0 = Debug|Any CPU
		{5C35A0B8-0170-47AD-A62F-2155068AB488}.Release|Any CPU.ActiveCfg = Release|Any CPU
		{5C35A0B8-0170-47AD-A62F-2155068AB488}.Release|Any CPU.Build.0 = Release|Any CPU
	EndGlobalSection
	GlobalSection(SolutionProperties) = preSolution
		HideSolutionNode = FALSE
	EndGlobalSection
	GlobalSection(NestedProjects) = preSolution
		{E56D9358-E2A4-4BCA-BA3F-BB948545D669} = {12A4733A-B516-4BEF-B744-490314D6471A}
		{CCC7FC30-47FF-4809-B9DF-36DD9221C911} = {148BEBF2-C7AF-4966-A256-797AA291F47D}
		{FC9B0B54-6A51-45D5-8EA9-3C691948F6C0} = {AE90532D-0E6A-45EF-9DC5-6B171692C321}
		{076BE1EF-581A-4070-BFE7-D7D9760FE581} = {E47AC42A-51A2-47A0-B1CB-D6E9D7568A12}
		{0994EC00-FAAA-4B95-B8DE-CC189A82EFAD} = {8542EEE9-32E0-46F3-94B4-EC2BFA461F58}
		{AE90532D-0E6A-45EF-9DC5-6B171692C321} = {9B190E6A-9A76-411D-9CAA-49BFAF881A37}
		{C593AB20-1129-471F-BC44-6960C0CB7A60} = {9B190E6A-9A76-411D-9CAA-49BFAF881A37}
		{2397C397-FA59-45D9-9C37-CBEE85F70CCC} = {C593AB20-1129-471F-BC44-6960C0CB7A60}
		{5C35A0B8-0170-47AD-A62F-2155068AB488} = {0A9B492B-CC9B-43C8-8039-B657F1C9710C}
	EndGlobalSection
	GlobalSection(ExtensibilityGlobals) = postSolution
		SolutionGuid = {E8F152D8-276C-4BE8-821D-211C6DDDDB80}
	EndGlobalSection
EndGlobal
